
Microsoft Visual Studio Solution File, Format Version 12.00
# Visual Studio 2012
Project("{2150E333-8FDC-42A3-9474-1A3956D46DE8}") = "Part 01 - Introduction", "Part 01 - Introduction", "{270681E4-BF81-49C8-AA84-052DC5BA7B53}"
EndProject
Project("{2150E333-8FDC-42A3-9474-1A3956D46DE8}") = "Part 02 - Basics", "Part 02 - Basics", "{89B8DA0D-F66E-4013-B790-83C4F09C2628}"
EndProject
Project("{FAE04EC0-301F-11D3-BF4B-00C04F79EFBC}") = "ConsoleApplication 02", "Part 2\ConsoleApplication\ConsoleApplication 02.csproj", "{108F7A13-CB16-4EFD-BECE-221EF3236774}"
EndProject
Project("{2150E333-8FDC-42A3-9474-1A3956D46DE8}") = "Part 03 - VS Integration + caching", "Part 03 - VS Integration + caching", "{296AB79E-5EC7-4497-9D6C-093776FEBF3B}"
EndProject
Project("{FAE04EC0-301F-11D3-BF4B-00C04F79EFBC}") = "ConsoleApplication 03", "Part 03\ConsoleApplication\ConsoleApplication 03.csproj", "{4323BE16-C15C-4670-9FA9-B2EEB40FE31C}"
EndProject
Project("{2150E333-8FDC-42A3-9474-1A3956D46DE8}") = "Part 04 - Inside Razor", "Part 04 - Inside Razor", "{FCE49AF8-EC83-4057-8B12-C0E05B2F39A1}"
EndProject
Project("{FAE04EC0-301F-11D3-BF4B-00C04F79EFBC}") = "ConsoleApplication 04", "Part 04\ConsoleApplication\ConsoleApplication 04.csproj", "{D7FFE5C1-A4F0-4EDB-BB4D-79855CA9A4AF}"
EndProject
Global
	GlobalSection(SolutionConfigurationPlatforms) = preSolution
		Debug|Any CPU = Debug|Any CPU
		Release|Any CPU = Release|Any CPU
	EndGlobalSection
	GlobalSection(ProjectConfigurationPlatforms) = postSolution
		{108F7A13-CB16-4EFD-BECE-221EF3236774}.Debug|Any CPU.ActiveCfg = Debug|Any CPU
		{108F7A13-CB16-4EFD-BECE-221EF3236774}.Debug|Any CPU.Build.0 = Debug|Any CPU
		{108F7A13-CB16-4EFD-BECE-221EF3236774}.Release|Any CPU.ActiveCfg = Release|Any CPU
		{108F7A13-CB16-4EFD-BECE-221EF3236774}.Release|Any CPU.Build.0 = Release|Any CPU
		{4323BE16-C15C-4670-9FA9-B2EEB40FE31C}.Debug|Any CPU.ActiveCfg = Debug|Any CPU
		{4323BE16-C15C-4670-9FA9-B2EEB40FE31C}.Debug|Any CPU.Build.0 = Debug|Any CPU
		{4323BE16-C15C-4670-9FA9-B2EEB40FE31C}.Release|Any CPU.ActiveCfg = Release|Any CPU
		{4323BE16-C15C-4670-9FA9-B2EEB40FE31C}.Release|Any CPU.Build.0 = Release|Any CPU
		{D7FFE5C1-A4F0-4EDB-BB4D-79855CA9A4AF}.Debug|Any CPU.ActiveCfg = Debug|Any CPU
		{D7FFE5C1-A4F0-4EDB-BB4D-79855CA9A4AF}.Debug|Any CPU.Build.0 = Debug|Any CPU
		{D7FFE5C1-A4F0-4EDB-BB4D-79855CA9A4AF}.Release|Any CPU.ActiveCfg = Release|Any CPU
		{D7FFE5C1-A4F0-4EDB-BB4D-79855CA9A4AF}.Release|Any CPU.Build.0 = Release|Any CPU
	EndGlobalSection
	GlobalSection(SolutionProperties) = preSolution
		HideSolutionNode = FALSE
	EndGlobalSection
	GlobalSection(NestedProjects) = preSolution
		{108F7A13-CB16-4EFD-BECE-221EF3236774} = {89B8DA0D-F66E-4013-B790-83C4F09C2628}
		{4323BE16-C15C-4670-9FA9-B2EEB40FE31C} = {296AB79E-5EC7-4497-9D6C-093776FEBF3B}
		{D7FFE5C1-A4F0-4EDB-BB4D-79855CA9A4AF} = {FCE49AF8-EC83-4057-8B12-C0E05B2F39A1}
	EndGlobalSection
EndGlobal
